
Microsoft Visual Studio Solution File, Format Version 12.00
# Visual Studio Version 17
VisualStudioVersion = 17.3.32929.385
MinimumVisualStudioVersion = 10.0.40219.1
Project("{FAE04EC0-301F-11D3-BF4B-00C04F79EFBC}") = "TO-DO-LIST-UPDATED", "TO-DO-LIST-UPDATED\TO-DO-LIST-UPDATED.csproj", "{5AAC1196-7F7D-4652-961D-91C79ECF3686}"
EndProject
Global
	GlobalSection(SolutionConfigurationPlatforms) = preSolution
		Debug|Any CPU = Debug|Any CPU
		Release|Any CPU = Release|Any CPU
	EndGlobalSection
	GlobalSection(ProjectConfigurationPlatforms) = postSolution
		{5AAC1196-7F7D-4652-961D-91C79ECF3686}.Debug|Any CPU.ActiveCfg = Debug|Any CPU
		{5AAC1196-7F7D-4652-961D-91C79ECF3686}.Debug|Any CPU.Build.0 = Debug|Any CPU
		{5AAC1196-7F7D-4652-961D-91C79ECF3686}.Release|Any CPU.ActiveCfg = Release|Any CPU
		{5AAC1196-7F7D-4652-961D-91C79ECF3686}.Release|Any CPU.Build.0 = Release|Any CPU
	EndGlobalSection
	GlobalSection(SolutionProperties) = preSolution
		HideSolutionNode = FALSE
	EndGlobalSection
	GlobalSection(ExtensibilityGlobals) = postSolution
		SolutionGuid = {BDFD9933-E66E-47FB-BDB9-7509165B41B6}
	EndGlobalSection
EndGlobal
